{
  "nodes": {
    "comin": {
      "inputs": {
        "nixpkgs": [
          "nixpkgs"
        ]
      },
      "locked": {
        "lastModified": 1731534082,
        "narHash": "sha256-n8yVzBixxaj0Qn6SV655t6QUtKSOJ+sR4AEoq0Vqb/0=",
        "owner": "nlewo",
        "repo": "comin",
        "rev": "9afca855518f79b5bff3d2a9663b2e6f81dd361a",
        "type": "github"
      },
      "original": {
        "owner": "nlewo",
        "repo": "comin",
        "type": "github"
      }
    },
    "disko": {
      "inputs": {
        "nixpkgs": [
          "nixpkgs"
        ]
      },
      "locked": {
        "lastModified": 1721612107,
        "narHash": "sha256-1F2N90WqHV14oIn5RpDfzINj4zMi5gBQOt1BAc34gGM=",
        "owner": "nix-community",
        "repo": "disko",
        "rev": "2f5df5dcceb8473dd5715c4ae92f9b0d5f87fff9",
        "type": "github"
      },
      "original": {
        "owner": "nix-community",
        "repo": "disko",
        "type": "github"
      }
    },
    "flake-parts": {
      "inputs": {
        "nixpkgs-lib": "nixpkgs-lib"
      },
      "locked": {
        "lastModified": 1727826117,
        "narHash": "sha256-K5ZLCyfO/Zj9mPFldf3iwS6oZStJcU4tSpiXTMYaaL0=",
        "owner": "hercules-ci",
        "repo": "flake-parts",
        "rev": "3d04084d54bedc3d6b8b736c70ef449225c361b1",
        "type": "github"
      },
      "original": {
        "owner": "hercules-ci",
        "repo": "flake-parts",
        "type": "github"
      }
    },
    "nixpkgs": {
      "locked": {
        "lastModified": 1726447378,
        "narHash": "sha256-2yV8nmYE1p9lfmLHhOCbYwQC/W8WYfGQABoGzJOb1JQ=",
        "owner": "NixOS",
        "repo": "nixpkgs",
        "rev": "086b448a5d54fd117f4dc2dee55c9f0ff461bdc1",
        "type": "github"
      },
      "original": {
        "owner": "NixOS",
        "ref": "nixos-24.05",
        "repo": "nixpkgs",
        "type": "github"
      }
    },
    "nixpkgs-lib": {
      "locked": {
        "lastModified": 1727825735,
        "narHash": "sha256-0xHYkMkeLVQAMa7gvkddbPqpxph+hDzdu1XdGPJR+Os=",
        "type": "tarball",
        "url": "https://github.com/NixOS/nixpkgs/archive/fb192fec7cc7a4c26d51779e9bab07ce6fa5597a.tar.gz"
      },
      "original": {
        "type": "tarball",
        "url": "https://github.com/NixOS/nixpkgs/archive/fb192fec7cc7a4c26d51779e9bab07ce6fa5597a.tar.gz"
      }
    },
    "root": {
      "inputs": {
        "comin": "comin",
        "disko": "disko",
        "flake-parts": "flake-parts",
        "nixpkgs": "nixpkgs"
      }
    }
  },
  "root": "root",
  "version": 7
}
